
Microsoft Visual Studio Solution File, Format Version 12.00
# Visual Studio Version 17
VisualStudioVersion = 17.7.34221.43
MinimumVisualStudioVersion = 10.0.40219.1
Project("{8BC9CEB8-8B4A-11D0-8D11-00A0C91BC942}") = "OS11_HTAPI", "OS11_HTAPI\OS11_HTAPI.vcxproj", "{DAD51B90-1029-4A25-9403-2E98D0751A71}"
EndProject
Project("{8BC9CEB8-8B4A-11D0-8D11-00A0C91BC942}") = "OS11_CREATE", "OS11_CREATE\OS11_CREATE.vcxproj", "{04F1ED19-19B5-4C23-9498-D19DFB5D36CF}"
EndProject
Project("{8BC9CEB8-8B4A-11D0-8D11-00A0C91BC942}") = "OS11_START", "OS11_START\OS11_START.vcxproj", "{7F11F9EC-332B-42A5-BB1F-1CFA5D84B9B9}"
EndProject
Project("{8BC9CEB8-8B4A-11D0-8D11-00A0C91BC942}") = "OS11_02", "OS11_02\OS11_02.vcxproj", "{DE762D7A-CCA5-4413-9FC9-17B2D6B53B46}"
EndProject
Project("{8BC9CEB8-8B4A-11D0-8D11-00A0C91BC942}") = "OS11_03", "OS11_03\OS11_03.vcxproj", "{0F49972D-FC32-43A1-AFD0-F48FA246A271}"
EndProject
Project("{8BC9CEB8-8B4A-11D0-8D11-00A0C91BC942}") = "OS11_04", "OS11_04\OS11_04.vcxproj", "{1262C646-51F8-44B7-9BC6-C8A0A697C00C}"
EndProject
Global
	GlobalSection(SolutionConfigurationPlatforms) = preSolution
		Debug|x64 = Debug|x64
		Debug|x86 = Debug|x86
		Release|x64 = Release|x64
		Release|x86 = Release|x86
	EndGlobalSection
	GlobalSection(ProjectConfigurationPlatforms) = postSolution
		{DAD51B90-1029-4A25-9403-2E98D0751A71}.Debug|x64.ActiveCfg = Debug|x64
		{DAD51B90-1029-4A25-9403-2E98D0751A71}.Debug|x64.Build.0 = Debug|x64
		{DAD51B90-1029-4A25-9403-2E98D0751A71}.Debug|x86.ActiveCfg = Debug|Win32
		{DAD51B90-1029-4A25-9403-2E98D0751A71}.Debug|x86.Build.0 = Debug|Win32
		{DAD51B90-1029-4A25-9403-2E98D0751A71}.Release|x64.ActiveCfg = Release|x64
		{DAD51B90-1029-4A25-9403-2E98D0751A71}.Release|x64.Build.0 = Release|x64
		{DAD51B90-1029-4A25-9403-2E98D0751A71}.Release|x86.ActiveCfg = Release|Win32
		{DAD51B90-1029-4A25-9403-2E98D0751A71}.Release|x86.Build.0 = Release|Win32
		{04F1ED19-19B5-4C23-9498-D19DFB5D36CF}.Debug|x64.ActiveCfg = Debug|x64
		{04F1ED19-19B5-4C23-9498-D19DFB5D36CF}.Debug|x64.Build.0 = Debug|x64
		{04F1ED19-19B5-4C23-9498-D19DFB5D36CF}.Debug|x86.ActiveCfg = Debug|Win32
		{04F1ED19-19B5-4C23-9498-D19DFB5D36CF}.Debug|x86.Build.0 = Debug|Win32
		{04F1ED19-19B5-4C23-9498-D19DFB5D36CF}.Release|x64.ActiveCfg = Release|x64
		{04F1ED19-19B5-4C23-9498-D19DFB5D36CF}.Release|x64.Build.0 = Release|x64
		{04F1ED19-19B5-4C23-9498-D19DFB5D36CF}.Release|x86.ActiveCfg = Release|Win32
		{04F1ED19-19B5-4C23-9498-D19DFB5D36CF}.Release|x86.Build.0 = Release|Win32
		{7F11F9EC-332B-42A5-BB1F-1CFA5D84B9B9}.Debug|x64.ActiveCfg = Debug|x64
		{7F11F9EC-332B-42A5-BB1F-1CFA5D84B9B9}.Debug|x64.Build.0 = Debug|x64
		{7F11F9EC-332B-42A5-BB1F-1CFA5D84B9B9}.Debug|x86.ActiveCfg = Debug|Win32
		{7F11F9EC-332B-42A5-BB1F-1CFA5D84B9B9}.Debug|x86.Build.0 = Debug|Win32
		{7F11F9EC-332B-42A5-BB1F-1CFA5D84B9B9}.Release|x64.ActiveCfg = Release|x64
		{7F11F9EC-332B-42A5-BB1F-1CFA5D84B9B9}.Release|x64.Build.0 = Release|x64
		{7F11F9EC-332B-42A5-BB1F-1CFA5D84B9B9}.Release|x86.ActiveCfg = Release|Win32
		{7F11F9EC-332B-42A5-BB1F-1CFA5D84B9B9}.Release|x86.Build.0 = Release|Win32
		{DE762D7A-CCA5-4413-9FC9-17B2D6B53B46}.Debug|x64.ActiveCfg = Debug|x64
		{DE762D7A-CCA5-4413-9FC9-17B2D6B53B46}.Debug|x64.Build.0 = Debug|x64
		{DE762D7A-CCA5-4413-9FC9-17B2D6B53B46}.Debug|x86.ActiveCfg = Debug|Win32
		{DE762D7A-CCA5-4413-9FC9-17B2D6B53B46}.Debug|x86.Build.0 = Debug|Win32
		{DE762D7A-CCA5-4413-9FC9-17B2D6B53B46}.Release|x64.ActiveCfg = Release|x64
		{DE762D7A-CCA5-4413-9FC9-17B2D6B53B46}.Release|x64.Build.0 = Release|x64
		{DE762D7A-CCA5-4413-9FC9-17B2D6B53B46}.Release|x86.ActiveCfg = Release|Win32
		{DE762D7A-CCA5-4413-9FC9-17B2D6B53B46}.Release|x86.Build.0 = Release|Win32
		{0F49972D-FC32-43A1-AFD0-F48FA246A271}.Debug|x64.ActiveCfg = Debug|x64
		{0F49972D-FC32-43A1-AFD0-F48FA246A271}.Debug|x64.Build.0 = Debug|x64
		{0F49972D-FC32-43A1-AFD0-F48FA246A271}.Debug|x86.ActiveCfg = Debug|Win32
		{0F49972D-FC32-43A1-AFD0-F48FA246A271}.Debug|x86.Build.0 = Debug|Win32
		{0F49972D-FC32-43A1-AFD0-F48FA246A271}.Release|x64.ActiveCfg = Release|x64
		{0F49972D-FC32-43A1-AFD0-F48FA246A271}.Release|x64.Build.0 = Release|x64
		{0F49972D-FC32-43A1-AFD0-F48FA246A271}.Release|x86.ActiveCfg = Release|Win32
		{0F49972D-FC32-43A1-AFD0-F48FA246A271}.Release|x86.Build.0 = Release|Win32
		{1262C646-51F8-44B7-9BC6-C8A0A697C00C}.Debug|x64.ActiveCfg = Debug|x64
		{1262C646-51F8-44B7-9BC6-C8A0A697C00C}.Debug|x64.Build.0 = Debug|x64
		{1262C646-51F8-44B7-9BC6-C8A0A697C00C}.Debug|x86.ActiveCfg = Debug|Win32
		{1262C646-51F8-44B7-9BC6-C8A0A697C00C}.Debug|x86.Build.0 = Debug|Win32
		{1262C646-51F8-44B7-9BC6-C8A0A697C00C}.Release|x64.ActiveCfg = Release|x64
		{1262C646-51F8-44B7-9BC6-C8A0A697C00C}.Release|x64.Build.0 = Release|x64
		{1262C646-51F8-44B7-9BC6-C8A0A697C00C}.Release|x86.ActiveCfg = Release|Win32
		{1262C646-51F8-44B7-9BC6-C8A0A697C00C}.Release|x86.Build.0 = Release|Win32
	EndGlobalSection
	GlobalSection(SolutionProperties) = preSolution
		HideSolutionNode = FALSE
	EndGlobalSection
	GlobalSection(ExtensibilityGlobals) = postSolution
		SolutionGuid = {9C0EA0AE-BA6E-490E-9415-F9835CCAC065}
	EndGlobalSection
EndGlobal
